
Microsoft Visual Studio Solution File, Format Version 12.00
# Visual Studio 15
VisualStudioVersion = 15.0.28307.421
MinimumVisualStudioVersion = 10.0.40219.1
Project("{F184B08F-C81C-45F6-A57F-5ABD9991F28F}") = "site2013", "site2013\site2013.vbproj", "{3184698E-84DE-4F13-922A-4C88321C66B5}"
EndProject
Project("{FAE04EC0-301F-11D3-BF4B-00C04F79EFBC}") = "site2015", "site2015\site2015.csproj", "{99960FCE-7B1F-430F-B715-38F74EF92469}"
EndProject
Project("{F184B08F-C81C-45F6-A57F-5ABD9991F28F}") = "sp1taganrog.ru", "sp1taganrog.ru\sp1taganrog.ru.vbproj", "{CD8E53D2-B177-494B-AE08-1CEEF98E43D7}"
EndProject
Project("{00D1A9C2-B5F0-4AF3-8072-F6C62B433612}") = "sp1TaganrogDatabase", "sp1TaganrogDatabase\sp1TaganrogDatabase.sqlproj", "{0E76CBE0-8B2F-48C8-9C7D-FD0D8F7520BA}"
EndProject
Project("{2150E333-8FDC-42A3-9474-1A3956D46DE8}") = ".nuget", ".nuget", "{ABD3301E-BD91-4904-84F6-8045A8260166}"
	ProjectSection(SolutionItems) = preProject
		.nuget\packages.config = .nuget\packages.config
	EndProjectSection
EndProject
Project("{F184B08F-C81C-45F6-A57F-5ABD9991F28F}") = "Appointment", "..\..\Appointment\Appointment\Appointment.vbproj", "{CDA4B878-8EA0-48FB-99B4-54C98A04B725}"
EndProject
Project("{F184B08F-C81C-45F6-A57F-5ABD9991F28F}") = "Invent1", "Invent1\Invent1.vbproj", "{4D87A7D9-81A7-4086-81F4-8CBAB038A9A8}"
EndProject
Project("{F184B08F-C81C-45F6-A57F-5ABD9991F28F}") = "Invent1.Tests", "Invent1.Tests\Invent1.Tests.vbproj", "{173E57CE-27D7-46B5-AC88-CE3939C067C4}"
EndProject
Global
	GlobalSection(SolutionConfigurationPlatforms) = preSolution
		Debug|Any CPU = Debug|Any CPU
		Release|Any CPU = Release|Any CPU
	EndGlobalSection
	GlobalSection(ProjectConfigurationPlatforms) = postSolution
		{3184698E-84DE-4F13-922A-4C88321C66B5}.Debug|Any CPU.ActiveCfg = Debug|Any CPU
		{3184698E-84DE-4F13-922A-4C88321C66B5}.Debug|Any CPU.Build.0 = Debug|Any CPU
		{3184698E-84DE-4F13-922A-4C88321C66B5}.Release|Any CPU.ActiveCfg = Release|Any CPU
		{3184698E-84DE-4F13-922A-4C88321C66B5}.Release|Any CPU.Build.0 = Release|Any CPU
		{99960FCE-7B1F-430F-B715-38F74EF92469}.Debug|Any CPU.ActiveCfg = Debug|Any CPU
		{99960FCE-7B1F-430F-B715-38F74EF92469}.Debug|Any CPU.Build.0 = Debug|Any CPU
		{99960FCE-7B1F-430F-B715-38F74EF92469}.Release|Any CPU.ActiveCfg = Release|Any CPU
		{99960FCE-7B1F-430F-B715-38F74EF92469}.Release|Any CPU.Build.0 = Release|Any CPU
		{CD8E53D2-B177-494B-AE08-1CEEF98E43D7}.Debug|Any CPU.ActiveCfg = Debug|Any CPU
		{CD8E53D2-B177-494B-AE08-1CEEF98E43D7}.Debug|Any CPU.Build.0 = Debug|Any CPU
		{CD8E53D2-B177-494B-AE08-1CEEF98E43D7}.Release|Any CPU.ActiveCfg = Release|Any CPU
		{CD8E53D2-B177-494B-AE08-1CEEF98E43D7}.Release|Any CPU.Build.0 = Release|Any CPU
		{0E76CBE0-8B2F-48C8-9C7D-FD0D8F7520BA}.Debug|Any CPU.ActiveCfg = Debug|Any CPU
		{0E76CBE0-8B2F-48C8-9C7D-FD0D8F7520BA}.Debug|Any CPU.Build.0 = Debug|Any CPU
		{0E76CBE0-8B2F-48C8-9C7D-FD0D8F7520BA}.Debug|Any CPU.Deploy.0 = Debug|Any CPU
		{0E76CBE0-8B2F-48C8-9C7D-FD0D8F7520BA}.Release|Any CPU.ActiveCfg = Release|Any CPU
		{0E76CBE0-8B2F-48C8-9C7D-FD0D8F7520BA}.Release|Any CPU.Build.0 = Release|Any CPU
		{0E76CBE0-8B2F-48C8-9C7D-FD0D8F7520BA}.Release|Any CPU.Deploy.0 = Release|Any CPU
		{CDA4B878-8EA0-48FB-99B4-54C98A04B725}.Debug|Any CPU.ActiveCfg = Debug|Any CPU
		{CDA4B878-8EA0-48FB-99B4-54C98A04B725}.Debug|Any CPU.Build.0 = Debug|Any CPU
		{CDA4B878-8EA0-48FB-99B4-54C98A04B725}.Release|Any CPU.ActiveCfg = Release|Any CPU
		{CDA4B878-8EA0-48FB-99B4-54C98A04B725}.Release|Any CPU.Build.0 = Release|Any CPU
		{4D87A7D9-81A7-4086-81F4-8CBAB038A9A8}.Debug|Any CPU.ActiveCfg = Debug|Any CPU
		{4D87A7D9-81A7-4086-81F4-8CBAB038A9A8}.Debug|Any CPU.Build.0 = Debug|Any CPU
		{4D87A7D9-81A7-4086-81F4-8CBAB038A9A8}.Release|Any CPU.ActiveCfg = Release|Any CPU
		{4D87A7D9-81A7-4086-81F4-8CBAB038A9A8}.Release|Any CPU.Build.0 = Release|Any CPU
		{173E57CE-27D7-46B5-AC88-CE3939C067C4}.Debug|Any CPU.ActiveCfg = Debug|Any CPU
		{173E57CE-27D7-46B5-AC88-CE3939C067C4}.Debug|Any CPU.Build.0 = Debug|Any CPU
		{173E57CE-27D7-46B5-AC88-CE3939C067C4}.Release|Any CPU.ActiveCfg = Release|Any CPU
		{173E57CE-27D7-46B5-AC88-CE3939C067C4}.Release|Any CPU.Build.0 = Release|Any CPU
	EndGlobalSection
	GlobalSection(SolutionProperties) = preSolution
		HideSolutionNode = FALSE
	EndGlobalSection
	GlobalSection(ExtensibilityGlobals) = postSolution
		SolutionGuid = {FAD3DD1B-864D-4E07-938F-9007A9F99FA8}
	EndGlobalSection
	GlobalSection(TeamFoundationVersionControl) = preSolution
		SccNumberOfProjects = 8
		SccEnterpriseProvider = {4CA58AB2-18FA-4F8D-95D4-32DDF27D184C}
		SccTeamFoundationServer = https://alexklippe.visualstudio.com/
		SccLocalPath0 = .
		SccProjectUniqueName1 = site2013\\site2013.vbproj
		SccProjectName1 = site2013
		SccLocalPath1 = site2013
		SccProjectUniqueName2 = site2015\\site2015.csproj
		SccProjectName2 = site2015
		SccLocalPath2 = site2015
		SccProjectUniqueName3 = sp1taganrog.ru\\sp1taganrog.ru.vbproj
		SccProjectName3 = sp1taganrog.ru
		SccLocalPath3 = sp1taganrog.ru
		SccProjectUniqueName4 = sp1TaganrogDatabase\\sp1TaganrogDatabase.sqlproj
		SccProjectName4 = sp1TaganrogDatabase
		SccLocalPath4 = sp1TaganrogDatabase
		SccProjectUniqueName5 = ..\\..\\Appointment\\Appointment\\Appointment.vbproj
		SccProjectName5 = ../../Appointment/Appointment
		SccLocalPath5 = ..\\..\\Appointment\\Appointment
		SccProjectUniqueName6 = Invent1\\Invent1.vbproj
		SccProjectName6 = Invent1
		SccLocalPath6 = Invent1
		SccProjectUniqueName7 = Invent1.Tests\\Invent1.Tests.vbproj
		SccProjectName7 = Invent1.Tests
		SccLocalPath7 = Invent1.Tests
	EndGlobalSection
EndGlobal
